
Microsoft Visual Studio Solution File, Format Version 12.00
# Visual Studio Version 17
VisualStudioVersion = 17.3.32901.215
MinimumVisualStudioVersion = 10.0.40219.1
Project("{FAE04EC0-301F-11D3-BF4B-00C04F79EFBC}") = "pryArroyoTP", "pryArroyoTP.csproj", "{780EDA90-AA6C-49AF-B3F6-5FC325B5F70A}"
EndProject
Global
	GlobalSection(SolutionConfigurationPlatforms) = preSolution
		Debug|Any CPU = Debug|Any CPU
		Release|Any CPU = Release|Any CPU
	EndGlobalSection
	GlobalSection(ProjectConfigurationPlatforms) = postSolution
		{780EDA90-AA6C-49AF-B3F6-5FC325B5F70A}.Debug|Any CPU.ActiveCfg = Debug|Any CPU
		{780EDA90-AA6C-49AF-B3F6-5FC325B5F70A}.Debug|Any CPU.Build.0 = Debug|Any CPU
		{780EDA90-AA6C-49AF-B3F6-5FC325B5F70A}.Release|Any CPU.ActiveCfg = Release|Any CPU
		{780EDA90-AA6C-49AF-B3F6-5FC325B5F70A}.Release|Any CPU.Build.0 = Release|Any CPU
	EndGlobalSection
	GlobalSection(SolutionProperties) = preSolution
		HideSolutionNode = FALSE
	EndGlobalSection
	GlobalSection(ExtensibilityGlobals) = postSolution
		SolutionGuid = {657B1C17-7BFC-4E2A-8371-928E590638EB}
	EndGlobalSection
EndGlobal
